
Microsoft Visual Studio Solution File, Format Version 12.00
# Visual Studio Version 17
VisualStudioVersion = 17.14.36109.1 d17.14
MinimumVisualStudioVersion = 10.0.40219.1
Project("{FAE04EC0-301F-11D3-BF4B-00C04F79EFBC}") = "Lab-Modul11", "Lab-Modul11\Lab-Modul11.csproj", "{522C5610-FDDE-4614-9225-E96A8C5835C8}"
EndProject
Global
	GlobalSection(SolutionConfigurationPlatforms) = preSolution
		Debug|Any CPU = Debug|Any CPU
		Release|Any CPU = Release|Any CPU
	EndGlobalSection
	GlobalSection(ProjectConfigurationPlatforms) = postSolution
		{522C5610-FDDE-4614-9225-E96A8C5835C8}.Debug|Any CPU.ActiveCfg = Debug|Any CPU
		{522C5610-FDDE-4614-9225-E96A8C5835C8}.Debug|Any CPU.Build.0 = Debug|Any CPU
		{522C5610-FDDE-4614-9225-E96A8C5835C8}.Release|Any CPU.ActiveCfg = Release|Any CPU
		{522C5610-FDDE-4614-9225-E96A8C5835C8}.Release|Any CPU.Build.0 = Release|Any CPU
	EndGlobalSection
	GlobalSection(SolutionProperties) = preSolution
		HideSolutionNode = FALSE
	EndGlobalSection
	GlobalSection(ExtensibilityGlobals) = postSolution
		SolutionGuid = {7E05525A-AE18-4C06-A736-BC4925D8F416}
	EndGlobalSection
EndGlobal
