
Microsoft Visual Studio Solution File, Format Version 12.00
# Visual Studio Version 17
VisualStudioVersion = 17.14.36109.1 d17.14
MinimumVisualStudioVersion = 10.0.40219.1
Project("{FAE04EC0-301F-11D3-BF4B-00C04F79EFBC}") = "Demo-Tag3", "Demo-Tag3\Demo-Tag3.csproj", "{5A9FD90A-7A4A-4768-9AB1-9813876CCFF6}"
EndProject
Global
	GlobalSection(SolutionConfigurationPlatforms) = preSolution
		Debug|Any CPU = Debug|Any CPU
		Release|Any CPU = Release|Any CPU
	EndGlobalSection
	GlobalSection(ProjectConfigurationPlatforms) = postSolution
		{5A9FD90A-7A4A-4768-9AB1-9813876CCFF6}.Debug|Any CPU.ActiveCfg = Debug|Any CPU
		{5A9FD90A-7A4A-4768-9AB1-9813876CCFF6}.Debug|Any CPU.Build.0 = Debug|Any CPU
		{5A9FD90A-7A4A-4768-9AB1-9813876CCFF6}.Release|Any CPU.ActiveCfg = Release|Any CPU
		{5A9FD90A-7A4A-4768-9AB1-9813876CCFF6}.Release|Any CPU.Build.0 = Release|Any CPU
	EndGlobalSection
	GlobalSection(SolutionProperties) = preSolution
		HideSolutionNode = FALSE
	EndGlobalSection
	GlobalSection(ExtensibilityGlobals) = postSolution
		SolutionGuid = {146F0633-9BB2-4508-B238-21D1868DA082}
	EndGlobalSection
EndGlobal
